
Microsoft Visual Studio Solution File, Format Version 12.00
# Visual Studio Version 18
VisualStudioVersion = 18.3.11527.330
MinimumVisualStudioVersion = 10.0.40219.1
Project("{FAE04EC0-301F-11D3-BF4B-00C04F79EFBC}") = "EventsApi.Data", "EventsApi.Data\EventsApi.Data.csproj", "{C5D4B4F2-B6D7-4153-B865-76AFEFB04C29}"
EndProject
Project("{FAE04EC0-301F-11D3-BF4B-00C04F79EFBC}") = "EventsApi.Models", "EventsApi.Models\EventsApi.Models.csproj", "{78C9C736-2A2B-4DF6-B3C4-7B142838FEF9}"
EndProject
Project("{FAE04EC0-301F-11D3-BF4B-00C04F79EFBC}") = "EventsApi.WebApi", "EventsApi.WebApi\EventsApi.WebApi.csproj", "{D70FA936-C2D5-AB2F-DD7E-D6C3E0F6B2B5}"
EndProject
Project("{FAE04EC0-301F-11D3-BF4B-00C04F79EFBC}") = "EventsApi.IntegrationTests", "EventsApi.IntegrationTests\EventsApi.IntegrationTests.csproj", "{DD2D04EC-D121-4CD8-9F0F-FE759B56F2CE}"
EndProject
Project("{FAE04EC0-301F-11D3-BF4B-00C04F79EFBC}") = "EventsApi.UnitTests", "EventsApi.UnitTest\EventsApi.UnitTests.csproj", "{7C088F4C-5ED8-C125-20CF-76230F6E77F7}"
EndProject
Global
	GlobalSection(SolutionConfigurationPlatforms) = preSolution
		Debug|Any CPU = Debug|Any CPU
		Release|Any CPU = Release|Any CPU
	EndGlobalSection
	GlobalSection(ProjectConfigurationPlatforms) = postSolution
		{C5D4B4F2-B6D7-4153-B865-76AFEFB04C29}.Debug|Any CPU.ActiveCfg = Debug|Any CPU
		{C5D4B4F2-B6D7-4153-B865-76AFEFB04C29}.Debug|Any CPU.Build.0 = Debug|Any CPU
		{C5D4B4F2-B6D7-4153-B865-76AFEFB04C29}.Release|Any CPU.ActiveCfg = Release|Any CPU
		{C5D4B4F2-B6D7-4153-B865-76AFEFB04C29}.Release|Any CPU.Build.0 = Release|Any CPU
		{78C9C736-2A2B-4DF6-B3C4-7B142838FEF9}.Debug|Any CPU.ActiveCfg = Debug|Any CPU
		{78C9C736-2A2B-4DF6-B3C4-7B142838FEF9}.Debug|Any CPU.Build.0 = Debug|Any CPU
		{78C9C736-2A2B-4DF6-B3C4-7B142838FEF9}.Release|Any CPU.ActiveCfg = Release|Any CPU
		{78C9C736-2A2B-4DF6-B3C4-7B142838FEF9}.Release|Any CPU.Build.0 = Release|Any CPU
		{D70FA936-C2D5-AB2F-DD7E-D6C3E0F6B2B5}.Debug|Any CPU.ActiveCfg = Debug|Any CPU
		{D70FA936-C2D5-AB2F-DD7E-D6C3E0F6B2B5}.Debug|Any CPU.Build.0 = Debug|Any CPU
		{D70FA936-C2D5-AB2F-DD7E-D6C3E0F6B2B5}.Release|Any CPU.ActiveCfg = Release|Any CPU
		{D70FA936-C2D5-AB2F-DD7E-D6C3E0F6B2B5}.Release|Any CPU.Build.0 = Release|Any CPU
		{DD2D04EC-D121-4CD8-9F0F-FE759B56F2CE}.Debug|Any CPU.ActiveCfg = Debug|Any CPU
		{DD2D04EC-D121-4CD8-9F0F-FE759B56F2CE}.Debug|Any CPU.Build.0 = Debug|Any CPU
		{DD2D04EC-D121-4CD8-9F0F-FE759B56F2CE}.Release|Any CPU.ActiveCfg = Release|Any CPU
		{DD2D04EC-D121-4CD8-9F0F-FE759B56F2CE}.Release|Any CPU.Build.0 = Release|Any CPU
		{7C088F4C-5ED8-C125-20CF-76230F6E77F7}.Debug|Any CPU.ActiveCfg = Debug|Any CPU
		{7C088F4C-5ED8-C125-20CF-76230F6E77F7}.Debug|Any CPU.Build.0 = Debug|Any CPU
		{7C088F4C-5ED8-C125-20CF-76230F6E77F7}.Release|Any CPU.ActiveCfg = Release|Any CPU
		{7C088F4C-5ED8-C125-20CF-76230F6E77F7}.Release|Any CPU.Build.0 = Release|Any CPU
	EndGlobalSection
	GlobalSection(SolutionProperties) = preSolution
		HideSolutionNode = FALSE
	EndGlobalSection
	GlobalSection(ExtensibilityGlobals) = postSolution
		SolutionGuid = {E12056B4-91D4-4F28-A4EC-7A10BAB7E215}
	EndGlobalSection
EndGlobal
