
Microsoft Visual Studio Solution File, Format Version 12.00
# Visual Studio Version 18
VisualStudioVersion = 18.3.11527.330
MinimumVisualStudioVersion = 10.0.40219.1
Project("{FAE04EC0-301F-11D3-BF4B-00C04F79EFBC}") = "EventsApi.Presentation", "EventsApi.Presentation\EventsApi.Presentation.csproj", "{E081AE8E-BA57-6D0E-5F0D-F33BD028F6D8}"
EndProject
Project("{FAE04EC0-301F-11D3-BF4B-00C04F79EFBC}") = "EventsApi.IntegrationTests", "EventsApi.IntegrationTests\EventsApi.IntegrationTests.csproj", "{92ADEF93-84E8-43B1-AC4A-E3C0B128FFF4}"
EndProject
Project("{FAE04EC0-301F-11D3-BF4B-00C04F79EFBC}") = "EventsApi.UnitTests", "EventsApi.UnitTest\EventsApi.UnitTests.csproj", "{7C088F4C-5ED8-C125-20CF-76230F6E77F7}"
EndProject
Project("{FAE04EC0-301F-11D3-BF4B-00C04F79EFBC}") = "EventsApi.Infrastructure", "EventsApi.Infrastructure\EventsApi.Infrastructure.csproj", "{A7A2FD36-1AD2-492E-97ED-D8267BD22C24}"
EndProject
Project("{FAE04EC0-301F-11D3-BF4B-00C04F79EFBC}") = "EventsApi.Domain", "EventsApi.Domain\EventsApi.Domain.csproj", "{B4852988-2588-46EC-ADDB-ECD7F891BB1B}"
EndProject
Project("{FAE04EC0-301F-11D3-BF4B-00C04F79EFBC}") = "EventsApi.Application", "EventsApi.Application\EventsApi.Application.csproj", "{2594AB55-CB1B-4E99-91FA-9DC2DD36A112}"
EndProject
Project("{2150E333-8FDC-42A3-9474-1A3956D46DE8}") = "EventFlow.Users", "EventFlow.Users", "{5411A4E2-8893-C753-3A3B-977C3E57C2BC}"
EndProject
Project("{FAE04EC0-301F-11D3-BF4B-00C04F79EFBC}") = "EventFlow.Users.Presentation", "EventFlow.Users\EventFlow.Users.Presentation\EventFlow.Users.Presentation.csproj", "{99AD67A5-C710-4F76-8623-36CFFB3C5EB2}"
EndProject
Project("{FAE04EC0-301F-11D3-BF4B-00C04F79EFBC}") = "EventFlow.Users.Domain", "EventFlow.Users\EventFlow.Users.Domain\EventFlow.Users.Domain.csproj", "{AD5527B6-637F-4F33-BCAD-166EFA63F815}"
EndProject
Project("{FAE04EC0-301F-11D3-BF4B-00C04F79EFBC}") = "EventFlow.Users.Application", "EventFlow.Users\EventFlow.Users.Application\EventFlow.Users.Application.csproj", "{77D2680C-916B-4175-919F-195658B39A18}"
EndProject
Project("{FAE04EC0-301F-11D3-BF4B-00C04F79EFBC}") = "EventFlow.Users.Infrastructure", "EventFlow.Users\EventFlow.Users.Infrastructure\EventFlow.Users.Infrastructure.csproj", "{14F1C426-F9CE-49C5-BF44-772CFD011265}"
EndProject
Global
	GlobalSection(SolutionConfigurationPlatforms) = preSolution
		Debug|Any CPU = Debug|Any CPU
		Debug|x64 = Debug|x64
		Debug|x86 = Debug|x86
		Release|Any CPU = Release|Any CPU
		Release|x64 = Release|x64
		Release|x86 = Release|x86
	EndGlobalSection
	GlobalSection(ProjectConfigurationPlatforms) = postSolution
		{E081AE8E-BA57-6D0E-5F0D-F33BD028F6D8}.Debug|Any CPU.ActiveCfg = Debug|Any CPU
		{E081AE8E-BA57-6D0E-5F0D-F33BD028F6D8}.Debug|Any CPU.Build.0 = Debug|Any CPU
		{E081AE8E-BA57-6D0E-5F0D-F33BD028F6D8}.Debug|x64.ActiveCfg = Debug|Any CPU
		{E081AE8E-BA57-6D0E-5F0D-F33BD028F6D8}.Debug|x64.Build.0 = Debug|Any CPU
		{E081AE8E-BA57-6D0E-5F0D-F33BD028F6D8}.Debug|x86.ActiveCfg = Debug|Any CPU
		{E081AE8E-BA57-6D0E-5F0D-F33BD028F6D8}.Debug|x86.Build.0 = Debug|Any CPU
		{E081AE8E-BA57-6D0E-5F0D-F33BD028F6D8}.Release|Any CPU.ActiveCfg = Release|Any CPU
		{E081AE8E-BA57-6D0E-5F0D-F33BD028F6D8}.Release|Any CPU.Build.0 = Release|Any CPU
		{E081AE8E-BA57-6D0E-5F0D-F33BD028F6D8}.Release|x64.ActiveCfg = Release|Any CPU
		{E081AE8E-BA57-6D0E-5F0D-F33BD028F6D8}.Release|x64.Build.0 = Release|Any CPU
		{E081AE8E-BA57-6D0E-5F0D-F33BD028F6D8}.Release|x86.ActiveCfg = Release|Any CPU
		{E081AE8E-BA57-6D0E-5F0D-F33BD028F6D8}.Release|x86.Build.0 = Release|Any CPU
		{92ADEF93-84E8-43B1-AC4A-E3C0B128FFF4}.Debug|Any CPU.ActiveCfg = Debug|Any CPU
		{92ADEF93-84E8-43B1-AC4A-E3C0B128FFF4}.Debug|Any CPU.Build.0 = Debug|Any CPU
		{92ADEF93-84E8-43B1-AC4A-E3C0B128FFF4}.Debug|x64.ActiveCfg = Debug|Any CPU
		{92ADEF93-84E8-43B1-AC4A-E3C0B128FFF4}.Debug|x64.Build.0 = Debug|Any CPU
		{92ADEF93-84E8-43B1-AC4A-E3C0B128FFF4}.Debug|x86.ActiveCfg = Debug|Any CPU
		{92ADEF93-84E8-43B1-AC4A-E3C0B128FFF4}.Debug|x86.Build.0 = Debug|Any CPU
		{92ADEF93-84E8-43B1-AC4A-E3C0B128FFF4}.Release|Any CPU.ActiveCfg = Release|Any CPU
		{92ADEF93-84E8-43B1-AC4A-E3C0B128FFF4}.Release|Any CPU.Build.0 = Release|Any CPU
		{92ADEF93-84E8-43B1-AC4A-E3C0B128FFF4}.Release|x64.ActiveCfg = Release|Any CPU
		{92ADEF93-84E8-43B1-AC4A-E3C0B128FFF4}.Release|x64.Build.0 = Release|Any CPU
		{92ADEF93-84E8-43B1-AC4A-E3C0B128FFF4}.Release|x86.ActiveCfg = Release|Any CPU
		{92ADEF93-84E8-43B1-AC4A-E3C0B128FFF4}.Release|x86.Build.0 = Release|Any CPU
		{7C088F4C-5ED8-C125-20CF-76230F6E77F7}.Debug|Any CPU.ActiveCfg = Debug|Any CPU
		{7C088F4C-5ED8-C125-20CF-76230F6E77F7}.Debug|Any CPU.Build.0 = Debug|Any CPU
		{7C088F4C-5ED8-C125-20CF-76230F6E77F7}.Debug|x64.ActiveCfg = Debug|Any CPU
		{7C088F4C-5ED8-C125-20CF-76230F6E77F7}.Debug|x64.Build.0 = Debug|Any CPU
		{7C088F4C-5ED8-C125-20CF-76230F6E77F7}.Debug|x86.ActiveCfg = Debug|Any CPU
		{7C088F4C-5ED8-C125-20CF-76230F6E77F7}.Debug|x86.Build.0 = Debug|Any CPU
		{7C088F4C-5ED8-C125-20CF-76230F6E77F7}.Release|Any CPU.ActiveCfg = Release|Any CPU
		{7C088F4C-5ED8-C125-20CF-76230F6E77F7}.Release|Any CPU.Build.0 = Release|Any CPU
		{7C088F4C-5ED8-C125-20CF-76230F6E77F7}.Release|x64.ActiveCfg = Release|Any CPU
		{7C088F4C-5ED8-C125-20CF-76230F6E77F7}.Release|x64.Build.0 = Release|Any CPU
		{7C088F4C-5ED8-C125-20CF-76230F6E77F7}.Release|x86.ActiveCfg = Release|Any CPU
		{7C088F4C-5ED8-C125-20CF-76230F6E77F7}.Release|x86.Build.0 = Release|Any CPU
		{A7A2FD36-1AD2-492E-97ED-D8267BD22C24}.Debug|Any CPU.ActiveCfg = Debug|Any CPU
		{A7A2FD36-1AD2-492E-97ED-D8267BD22C24}.Debug|Any CPU.Build.0 = Debug|Any CPU
		{A7A2FD36-1AD2-492E-97ED-D8267BD22C24}.Debug|x64.ActiveCfg = Debug|Any CPU
		{A7A2FD36-1AD2-492E-97ED-D8267BD22C24}.Debug|x64.Build.0 = Debug|Any CPU
		{A7A2FD36-1AD2-492E-97ED-D8267BD22C24}.Debug|x86.ActiveCfg = Debug|Any CPU
		{A7A2FD36-1AD2-492E-97ED-D8267BD22C24}.Debug|x86.Build.0 = Debug|Any CPU
		{A7A2FD36-1AD2-492E-97ED-D8267BD22C24}.Release|Any CPU.ActiveCfg = Release|Any CPU
		{A7A2FD36-1AD2-492E-97ED-D8267BD22C24}.Release|Any CPU.Build.0 = Release|Any CPU
		{A7A2FD36-1AD2-492E-97ED-D8267BD22C24}.Release|x64.ActiveCfg = Release|Any CPU
		{A7A2FD36-1AD2-492E-97ED-D8267BD22C24}.Release|x64.Build.0 = Release|Any CPU
		{A7A2FD36-1AD2-492E-97ED-D8267BD22C24}.Release|x86.ActiveCfg = Release|Any CPU
		{A7A2FD36-1AD2-492E-97ED-D8267BD22C24}.Release|x86.Build.0 = Release|Any CPU
		{B4852988-2588-46EC-ADDB-ECD7F891BB1B}.Debug|Any CPU.ActiveCfg = Debug|Any CPU
		{B4852988-2588-46EC-ADDB-ECD7F891BB1B}.Debug|Any CPU.Build.0 = Debug|Any CPU
		{B4852988-2588-46EC-ADDB-ECD7F891BB1B}.Debug|x64.ActiveCfg = Debug|Any CPU
		{B4852988-2588-46EC-ADDB-ECD7F891BB1B}.Debug|x64.Build.0 = Debug|Any CPU
		{B4852988-2588-46EC-ADDB-ECD7F891BB1B}.Debug|x86.ActiveCfg = Debug|Any CPU
		{B4852988-2588-46EC-ADDB-ECD7F891BB1B}.Debug|x86.Build.0 = Debug|Any CPU
		{B4852988-2588-46EC-ADDB-ECD7F891BB1B}.Release|Any CPU.ActiveCfg = Release|Any CPU
		{B4852988-2588-46EC-ADDB-ECD7F891BB1B}.Release|Any CPU.Build.0 = Release|Any CPU
		{B4852988-2588-46EC-ADDB-ECD7F891BB1B}.Release|x64.ActiveCfg = Release|Any CPU
		{B4852988-2588-46EC-ADDB-ECD7F891BB1B}.Release|x64.Build.0 = Release|Any CPU
		{B4852988-2588-46EC-ADDB-ECD7F891BB1B}.Release|x86.ActiveCfg = Release|Any CPU
		{B4852988-2588-46EC-ADDB-ECD7F891BB1B}.Release|x86.Build.0 = Release|Any CPU
		{2594AB55-CB1B-4E99-91FA-9DC2DD36A112}.Debug|Any CPU.ActiveCfg = Debug|Any CPU
		{2594AB55-CB1B-4E99-91FA-9DC2DD36A112}.Debug|Any CPU.Build.0 = Debug|Any CPU
		{2594AB55-CB1B-4E99-91FA-9DC2DD36A112}.Debug|x64.ActiveCfg = Debug|Any CPU
		{2594AB55-CB1B-4E99-91FA-9DC2DD36A112}.Debug|x64.Build.0 = Debug|Any CPU
		{2594AB55-CB1B-4E99-91FA-9DC2DD36A112}.Debug|x86.ActiveCfg = Debug|Any CPU
		{2594AB55-CB1B-4E99-91FA-9DC2DD36A112}.Debug|x86.Build.0 = Debug|Any CPU
		{2594AB55-CB1B-4E99-91FA-9DC2DD36A112}.Release|Any CPU.ActiveCfg = Release|Any CPU
		{2594AB55-CB1B-4E99-91FA-9DC2DD36A112}.Release|Any CPU.Build.0 = Release|Any CPU
		{2594AB55-CB1B-4E99-91FA-9DC2DD36A112}.Release|x64.ActiveCfg = Release|Any CPU
		{2594AB55-CB1B-4E99-91FA-9DC2DD36A112}.Release|x64.Build.0 = Release|Any CPU
		{2594AB55-CB1B-4E99-91FA-9DC2DD36A112}.Release|x86.ActiveCfg = Release|Any CPU
		{2594AB55-CB1B-4E99-91FA-9DC2DD36A112}.Release|x86.Build.0 = Release|Any CPU
		{99AD67A5-C710-4F76-8623-36CFFB3C5EB2}.Debug|Any CPU.ActiveCfg = Debug|Any CPU
		{99AD67A5-C710-4F76-8623-36CFFB3C5EB2}.Debug|Any CPU.Build.0 = Debug|Any CPU
		{99AD67A5-C710-4F76-8623-36CFFB3C5EB2}.Debug|x64.ActiveCfg = Debug|Any CPU
		{99AD67A5-C710-4F76-8623-36CFFB3C5EB2}.Debug|x64.Build.0 = Debug|Any CPU
		{99AD67A5-C710-4F76-8623-36CFFB3C5EB2}.Debug|x86.ActiveCfg = Debug|Any CPU
		{99AD67A5-C710-4F76-8623-36CFFB3C5EB2}.Debug|x86.Build.0 = Debug|Any CPU
		{99AD67A5-C710-4F76-8623-36CFFB3C5EB2}.Release|Any CPU.ActiveCfg = Release|Any CPU
		{99AD67A5-C710-4F76-8623-36CFFB3C5EB2}.Release|Any CPU.Build.0 = Release|Any CPU
		{99AD67A5-C710-4F76-8623-36CFFB3C5EB2}.Release|x64.ActiveCfg = Release|Any CPU
		{99AD67A5-C710-4F76-8623-36CFFB3C5EB2}.Release|x64.Build.0 = Release|Any CPU
		{99AD67A5-C710-4F76-8623-36CFFB3C5EB2}.Release|x86.ActiveCfg = Release|Any CPU
		{99AD67A5-C710-4F76-8623-36CFFB3C5EB2}.Release|x86.Build.0 = Release|Any CPU
		{AD5527B6-637F-4F33-BCAD-166EFA63F815}.Debug|Any CPU.ActiveCfg = Debug|Any CPU
		{AD5527B6-637F-4F33-BCAD-166EFA63F815}.Debug|Any CPU.Build.0 = Debug|Any CPU
		{AD5527B6-637F-4F33-BCAD-166EFA63F815}.Debug|x64.ActiveCfg = Debug|Any CPU
		{AD5527B6-637F-4F33-BCAD-166EFA63F815}.Debug|x64.Build.0 = Debug|Any CPU
		{AD5527B6-637F-4F33-BCAD-166EFA63F815}.Debug|x86.ActiveCfg = Debug|Any CPU
		{AD5527B6-637F-4F33-BCAD-166EFA63F815}.Debug|x86.Build.0 = Debug|Any CPU
		{AD5527B6-637F-4F33-BCAD-166EFA63F815}.Release|Any CPU.ActiveCfg = Release|Any CPU
		{AD5527B6-637F-4F33-BCAD-166EFA63F815}.Release|Any CPU.Build.0 = Release|Any CPU
		{AD5527B6-637F-4F33-BCAD-166EFA63F815}.Release|x64.ActiveCfg = Release|Any CPU
		{AD5527B6-637F-4F33-BCAD-166EFA63F815}.Release|x64.Build.0 = Release|Any CPU
		{AD5527B6-637F-4F33-BCAD-166EFA63F815}.Release|x86.ActiveCfg = Release|Any CPU
		{AD5527B6-637F-4F33-BCAD-166EFA63F815}.Release|x86.Build.0 = Release|Any CPU
		{77D2680C-916B-4175-919F-195658B39A18}.Debug|Any CPU.ActiveCfg = Debug|Any CPU
		{77D2680C-916B-4175-919F-195658B39A18}.Debug|Any CPU.Build.0 = Debug|Any CPU
		{77D2680C-916B-4175-919F-195658B39A18}.Debug|x64.ActiveCfg = Debug|Any CPU
		{77D2680C-916B-4175-919F-195658B39A18}.Debug|x64.Build.0 = Debug|Any CPU
		{77D2680C-916B-4175-919F-195658B39A18}.Debug|x86.ActiveCfg = Debug|Any CPU
		{77D2680C-916B-4175-919F-195658B39A18}.Debug|x86.Build.0 = Debug|Any CPU
		{77D2680C-916B-4175-919F-195658B39A18}.Release|Any CPU.ActiveCfg = Release|Any CPU
		{77D2680C-916B-4175-919F-195658B39A18}.Release|Any CPU.Build.0 = Release|Any CPU
		{77D2680C-916B-4175-919F-195658B39A18}.Release|x64.ActiveCfg = Release|Any CPU
		{77D2680C-916B-4175-919F-195658B39A18}.Release|x64.Build.0 = Release|Any CPU
		{77D2680C-916B-4175-919F-195658B39A18}.Release|x86.ActiveCfg = Release|Any CPU
		{77D2680C-916B-4175-919F-195658B39A18}.Release|x86.Build.0 = Release|Any CPU
		{14F1C426-F9CE-49C5-BF44-772CFD011265}.Debug|Any CPU.ActiveCfg = Debug|Any CPU
		{14F1C426-F9CE-49C5-BF44-772CFD011265}.Debug|Any CPU.Build.0 = Debug|Any CPU
		{14F1C426-F9CE-49C5-BF44-772CFD011265}.Debug|x64.ActiveCfg = Debug|Any CPU
		{14F1C426-F9CE-49C5-BF44-772CFD011265}.Debug|x64.Build.0 = Debug|Any CPU
		{14F1C426-F9CE-49C5-BF44-772CFD011265}.Debug|x86.ActiveCfg = Debug|Any CPU
		{14F1C426-F9CE-49C5-BF44-772CFD011265}.Debug|x86.Build.0 = Debug|Any CPU
		{14F1C426-F9CE-49C5-BF44-772CFD011265}.Release|Any CPU.ActiveCfg = Release|Any CPU
		{14F1C426-F9CE-49C5-BF44-772CFD011265}.Release|Any CPU.Build.0 = Release|Any CPU
		{14F1C426-F9CE-49C5-BF44-772CFD011265}.Release|x64.ActiveCfg = Release|Any CPU
		{14F1C426-F9CE-49C5-BF44-772CFD011265}.Release|x64.Build.0 = Release|Any CPU
		{14F1C426-F9CE-49C5-BF44-772CFD011265}.Release|x86.ActiveCfg = Release|Any CPU
		{14F1C426-F9CE-49C5-BF44-772CFD011265}.Release|x86.Build.0 = Release|Any CPU
	EndGlobalSection
	GlobalSection(SolutionProperties) = preSolution
		HideSolutionNode = FALSE
	EndGlobalSection
	GlobalSection(NestedProjects) = preSolution
		{99AD67A5-C710-4F76-8623-36CFFB3C5EB2} = {5411A4E2-8893-C753-3A3B-977C3E57C2BC}
		{AD5527B6-637F-4F33-BCAD-166EFA63F815} = {5411A4E2-8893-C753-3A3B-977C3E57C2BC}
		{77D2680C-916B-4175-919F-195658B39A18} = {5411A4E2-8893-C753-3A3B-977C3E57C2BC}
		{14F1C426-F9CE-49C5-BF44-772CFD011265} = {5411A4E2-8893-C753-3A3B-977C3E57C2BC}
	EndGlobalSection
	GlobalSection(ExtensibilityGlobals) = postSolution
		SolutionGuid = {E12056B4-91D4-4F28-A4EC-7A10BAB7E215}
	EndGlobalSection
EndGlobal
