
Microsoft Visual Studio Solution File, Format Version 12.00
# Visual Studio Version 18
VisualStudioVersion = 18.3.11527.330
MinimumVisualStudioVersion = 10.0.40219.1
Project("{FAE04EC0-301F-11D3-BF4B-00C04F79EFBC}") = "EventsApi.Models", "EventsApi.Models\EventsApi.Models.csproj", "{78C9C736-2A2B-4DF6-B3C4-7B142838FEF9}"
EndProject
Project("{FAE04EC0-301F-11D3-BF4B-00C04F79EFBC}") = "EventsApi.WebApi", "EventsApi.WebApi\EventsApi.WebApi.csproj", "{D70FA936-C2D5-AB2F-DD7E-D6C3E0F6B2B5}"
EndProject
Project("{FAE04EC0-301F-11D3-BF4B-00C04F79EFBC}") = "EventsApi.IntegrationTests", "EventsApi.IntegrationTests\EventsApi.IntegrationTests.csproj", "{92ADEF93-84E8-43B1-AC4A-E3C0B128FFF4}"
EndProject
Project("{FAE04EC0-301F-11D3-BF4B-00C04F79EFBC}") = "EventsApi.UnitTests", "EventsApi.UnitTest\EventsApi.UnitTests.csproj", "{7C088F4C-5ED8-C125-20CF-76230F6E77F7}"
EndProject
Project("{FAE04EC0-301F-11D3-BF4B-00C04F79EFBC}") = "EventsApi.Infrastructure", "EventsApi.Infrastructure\EventsApi.Infrastructure.csproj", "{A7A2FD36-1AD2-492E-97ED-D8267BD22C24}"
EndProject
Project("{FAE04EC0-301F-11D3-BF4B-00C04F79EFBC}") = "EventsApi.Domain", "EventsApi.Domain\EventsApi.Domain.csproj", "{B4852988-2588-46EC-ADDB-ECD7F891BB1B}"
EndProject
Global
	GlobalSection(SolutionConfigurationPlatforms) = preSolution
		Debug|Any CPU = Debug|Any CPU
		Debug|x64 = Debug|x64
		Debug|x86 = Debug|x86
		Release|Any CPU = Release|Any CPU
		Release|x64 = Release|x64
		Release|x86 = Release|x86
	EndGlobalSection
	GlobalSection(ProjectConfigurationPlatforms) = postSolution
		{78C9C736-2A2B-4DF6-B3C4-7B142838FEF9}.Debug|Any CPU.ActiveCfg = Debug|Any CPU
		{78C9C736-2A2B-4DF6-B3C4-7B142838FEF9}.Debug|Any CPU.Build.0 = Debug|Any CPU
		{78C9C736-2A2B-4DF6-B3C4-7B142838FEF9}.Debug|x64.ActiveCfg = Debug|Any CPU
		{78C9C736-2A2B-4DF6-B3C4-7B142838FEF9}.Debug|x64.Build.0 = Debug|Any CPU
		{78C9C736-2A2B-4DF6-B3C4-7B142838FEF9}.Debug|x86.ActiveCfg = Debug|Any CPU
		{78C9C736-2A2B-4DF6-B3C4-7B142838FEF9}.Debug|x86.Build.0 = Debug|Any CPU
		{78C9C736-2A2B-4DF6-B3C4-7B142838FEF9}.Release|Any CPU.ActiveCfg = Release|Any CPU
		{78C9C736-2A2B-4DF6-B3C4-7B142838FEF9}.Release|Any CPU.Build.0 = Release|Any CPU
		{78C9C736-2A2B-4DF6-B3C4-7B142838FEF9}.Release|x64.ActiveCfg = Release|Any CPU
		{78C9C736-2A2B-4DF6-B3C4-7B142838FEF9}.Release|x64.Build.0 = Release|Any CPU
		{78C9C736-2A2B-4DF6-B3C4-7B142838FEF9}.Release|x86.ActiveCfg = Release|Any CPU
		{78C9C736-2A2B-4DF6-B3C4-7B142838FEF9}.Release|x86.Build.0 = Release|Any CPU
		{D70FA936-C2D5-AB2F-DD7E-D6C3E0F6B2B5}.Debug|Any CPU.ActiveCfg = Debug|Any CPU
		{D70FA936-C2D5-AB2F-DD7E-D6C3E0F6B2B5}.Debug|Any CPU.Build.0 = Debug|Any CPU
		{D70FA936-C2D5-AB2F-DD7E-D6C3E0F6B2B5}.Debug|x64.ActiveCfg = Debug|Any CPU
		{D70FA936-C2D5-AB2F-DD7E-D6C3E0F6B2B5}.Debug|x64.Build.0 = Debug|Any CPU
		{D70FA936-C2D5-AB2F-DD7E-D6C3E0F6B2B5}.Debug|x86.ActiveCfg = Debug|Any CPU
		{D70FA936-C2D5-AB2F-DD7E-D6C3E0F6B2B5}.Debug|x86.Build.0 = Debug|Any CPU
		{D70FA936-C2D5-AB2F-DD7E-D6C3E0F6B2B5}.Release|Any CPU.ActiveCfg = Release|Any CPU
		{D70FA936-C2D5-AB2F-DD7E-D6C3E0F6B2B5}.Release|Any CPU.Build.0 = Release|Any CPU
		{D70FA936-C2D5-AB2F-DD7E-D6C3E0F6B2B5}.Release|x64.ActiveCfg = Release|Any CPU
		{D70FA936-C2D5-AB2F-DD7E-D6C3E0F6B2B5}.Release|x64.Build.0 = Release|Any CPU
		{D70FA936-C2D5-AB2F-DD7E-D6C3E0F6B2B5}.Release|x86.ActiveCfg = Release|Any CPU
		{D70FA936-C2D5-AB2F-DD7E-D6C3E0F6B2B5}.Release|x86.Build.0 = Release|Any CPU
		{92ADEF93-84E8-43B1-AC4A-E3C0B128FFF4}.Debug|Any CPU.ActiveCfg = Debug|Any CPU
		{92ADEF93-84E8-43B1-AC4A-E3C0B128FFF4}.Debug|Any CPU.Build.0 = Debug|Any CPU
		{92ADEF93-84E8-43B1-AC4A-E3C0B128FFF4}.Debug|x64.ActiveCfg = Debug|Any CPU
		{92ADEF93-84E8-43B1-AC4A-E3C0B128FFF4}.Debug|x64.Build.0 = Debug|Any CPU
		{92ADEF93-84E8-43B1-AC4A-E3C0B128FFF4}.Debug|x86.ActiveCfg = Debug|Any CPU
		{92ADEF93-84E8-43B1-AC4A-E3C0B128FFF4}.Debug|x86.Build.0 = Debug|Any CPU
		{92ADEF93-84E8-43B1-AC4A-E3C0B128FFF4}.Release|Any CPU.ActiveCfg = Release|Any CPU
		{92ADEF93-84E8-43B1-AC4A-E3C0B128FFF4}.Release|Any CPU.Build.0 = Release|Any CPU
		{92ADEF93-84E8-43B1-AC4A-E3C0B128FFF4}.Release|x64.ActiveCfg = Release|Any CPU
		{92ADEF93-84E8-43B1-AC4A-E3C0B128FFF4}.Release|x64.Build.0 = Release|Any CPU
		{92ADEF93-84E8-43B1-AC4A-E3C0B128FFF4}.Release|x86.ActiveCfg = Release|Any CPU
		{92ADEF93-84E8-43B1-AC4A-E3C0B128FFF4}.Release|x86.Build.0 = Release|Any CPU
		{7C088F4C-5ED8-C125-20CF-76230F6E77F7}.Debug|Any CPU.ActiveCfg = Debug|Any CPU
		{7C088F4C-5ED8-C125-20CF-76230F6E77F7}.Debug|Any CPU.Build.0 = Debug|Any CPU
		{7C088F4C-5ED8-C125-20CF-76230F6E77F7}.Debug|x64.ActiveCfg = Debug|Any CPU
		{7C088F4C-5ED8-C125-20CF-76230F6E77F7}.Debug|x64.Build.0 = Debug|Any CPU
		{7C088F4C-5ED8-C125-20CF-76230F6E77F7}.Debug|x86.ActiveCfg = Debug|Any CPU
		{7C088F4C-5ED8-C125-20CF-76230F6E77F7}.Debug|x86.Build.0 = Debug|Any CPU
		{7C088F4C-5ED8-C125-20CF-76230F6E77F7}.Release|Any CPU.ActiveCfg = Release|Any CPU
		{7C088F4C-5ED8-C125-20CF-76230F6E77F7}.Release|Any CPU.Build.0 = Release|Any CPU
		{7C088F4C-5ED8-C125-20CF-76230F6E77F7}.Release|x64.ActiveCfg = Release|Any CPU
		{7C088F4C-5ED8-C125-20CF-76230F6E77F7}.Release|x64.Build.0 = Release|Any CPU
		{7C088F4C-5ED8-C125-20CF-76230F6E77F7}.Release|x86.ActiveCfg = Release|Any CPU
		{7C088F4C-5ED8-C125-20CF-76230F6E77F7}.Release|x86.Build.0 = Release|Any CPU
		{A7A2FD36-1AD2-492E-97ED-D8267BD22C24}.Debug|Any CPU.ActiveCfg = Debug|Any CPU
		{A7A2FD36-1AD2-492E-97ED-D8267BD22C24}.Debug|Any CPU.Build.0 = Debug|Any CPU
		{A7A2FD36-1AD2-492E-97ED-D8267BD22C24}.Debug|x64.ActiveCfg = Debug|Any CPU
		{A7A2FD36-1AD2-492E-97ED-D8267BD22C24}.Debug|x64.Build.0 = Debug|Any CPU
		{A7A2FD36-1AD2-492E-97ED-D8267BD22C24}.Debug|x86.ActiveCfg = Debug|Any CPU
		{A7A2FD36-1AD2-492E-97ED-D8267BD22C24}.Debug|x86.Build.0 = Debug|Any CPU
		{A7A2FD36-1AD2-492E-97ED-D8267BD22C24}.Release|Any CPU.ActiveCfg = Release|Any CPU
		{A7A2FD36-1AD2-492E-97ED-D8267BD22C24}.Release|Any CPU.Build.0 = Release|Any CPU
		{A7A2FD36-1AD2-492E-97ED-D8267BD22C24}.Release|x64.ActiveCfg = Release|Any CPU
		{A7A2FD36-1AD2-492E-97ED-D8267BD22C24}.Release|x64.Build.0 = Release|Any CPU
		{A7A2FD36-1AD2-492E-97ED-D8267BD22C24}.Release|x86.ActiveCfg = Release|Any CPU
		{A7A2FD36-1AD2-492E-97ED-D8267BD22C24}.Release|x86.Build.0 = Release|Any CPU
		{B4852988-2588-46EC-ADDB-ECD7F891BB1B}.Debug|Any CPU.ActiveCfg = Debug|Any CPU
		{B4852988-2588-46EC-ADDB-ECD7F891BB1B}.Debug|Any CPU.Build.0 = Debug|Any CPU
		{B4852988-2588-46EC-ADDB-ECD7F891BB1B}.Debug|x64.ActiveCfg = Debug|Any CPU
		{B4852988-2588-46EC-ADDB-ECD7F891BB1B}.Debug|x64.Build.0 = Debug|Any CPU
		{B4852988-2588-46EC-ADDB-ECD7F891BB1B}.Debug|x86.ActiveCfg = Debug|Any CPU
		{B4852988-2588-46EC-ADDB-ECD7F891BB1B}.Debug|x86.Build.0 = Debug|Any CPU
		{B4852988-2588-46EC-ADDB-ECD7F891BB1B}.Release|Any CPU.ActiveCfg = Release|Any CPU
		{B4852988-2588-46EC-ADDB-ECD7F891BB1B}.Release|Any CPU.Build.0 = Release|Any CPU
		{B4852988-2588-46EC-ADDB-ECD7F891BB1B}.Release|x64.ActiveCfg = Release|Any CPU
		{B4852988-2588-46EC-ADDB-ECD7F891BB1B}.Release|x64.Build.0 = Release|Any CPU
		{B4852988-2588-46EC-ADDB-ECD7F891BB1B}.Release|x86.ActiveCfg = Release|Any CPU
		{B4852988-2588-46EC-ADDB-ECD7F891BB1B}.Release|x86.Build.0 = Release|Any CPU
	EndGlobalSection
	GlobalSection(SolutionProperties) = preSolution
		HideSolutionNode = FALSE
	EndGlobalSection
	GlobalSection(ExtensibilityGlobals) = postSolution
		SolutionGuid = {E12056B4-91D4-4F28-A4EC-7A10BAB7E215}
	EndGlobalSection
EndGlobal
