
Microsoft Visual Studio Solution File, Format Version 12.00
# Visual Studio Version 18
VisualStudioVersion = 18.3.11527.330
MinimumVisualStudioVersion = 10.0.40219.1
Project("{2150E333-8FDC-42A3-9474-1A3956D46DE8}") = "EventFlow.Users", "EventFlow.Users", "{5411A4E2-8893-C753-3A3B-977C3E57C2BC}"
EndProject
Project("{FAE04EC0-301F-11D3-BF4B-00C04F79EFBC}") = "EventFlow.Users.Presentation", "EventFlow.Users\EventFlow.Users.Presentation\EventFlow.Users.Presentation.csproj", "{99AD67A5-C710-4F76-8623-36CFFB3C5EB2}"
EndProject
Project("{FAE04EC0-301F-11D3-BF4B-00C04F79EFBC}") = "EventFlow.Users.Domain", "EventFlow.Users\EventFlow.Users.Domain\EventFlow.Users.Domain.csproj", "{AD5527B6-637F-4F33-BCAD-166EFA63F815}"
EndProject
Project("{FAE04EC0-301F-11D3-BF4B-00C04F79EFBC}") = "EventFlow.Users.Application", "EventFlow.Users\EventFlow.Users.Application\EventFlow.Users.Application.csproj", "{77D2680C-916B-4175-919F-195658B39A18}"
EndProject
Project("{FAE04EC0-301F-11D3-BF4B-00C04F79EFBC}") = "EventFlow.Users.Infrastructure", "EventFlow.Users\EventFlow.Users.Infrastructure\EventFlow.Users.Infrastructure.csproj", "{14F1C426-F9CE-49C5-BF44-772CFD011265}"
EndProject
Project("{2150E333-8FDC-42A3-9474-1A3956D46DE8}") = "EventFlow.Bookings", "EventFlow.Bookings", "{2F732719-39A6-C181-39BF-FBAAFA7462FA}"
EndProject
Project("{FAE04EC0-301F-11D3-BF4B-00C04F79EFBC}") = "EventFlow.Bookings.Domain", "EventFlow.Bookings\EventFlow.Bookings.Domain\EventFlow.Bookings.Domain.csproj", "{5A7168A9-398B-401D-BF82-3378E4DC1433}"
EndProject
Project("{FAE04EC0-301F-11D3-BF4B-00C04F79EFBC}") = "EventFlow.Bookings.Application", "EventFlow.Bookings\EventFlow.Bookings.Application\EventFlow.Bookings.Application.csproj", "{5302823C-254C-4D74-94AF-F5C373872C6D}"
EndProject
Project("{FAE04EC0-301F-11D3-BF4B-00C04F79EFBC}") = "EventFlow.Bookings.Infrastructure", "EventFlow.Bookings\EventFlow.Bookings.Infrastructure\EventFlow.Bookings.Infrastructure.csproj", "{7D479A4B-D557-4730-9D0B-E6D99B2ED6CB}"
EndProject
Project("{FAE04EC0-301F-11D3-BF4B-00C04F79EFBC}") = "EventFlow.Bookings.Presentation", "EventFlow.Bookings\EventFlow.Bookings.Presentation\EventFlow.Bookings.Presentation.csproj", "{4F6FE57A-D6AE-48B5-A9F8-442306315660}"
EndProject
Project("{2150E333-8FDC-42A3-9474-1A3956D46DE8}") = "EventFlow.Events", "EventFlow.Events", "{4FA7360D-FA26-3262-C90F-0AFC98ACA509}"
EndProject
Project("{FAE04EC0-301F-11D3-BF4B-00C04F79EFBC}") = "EventFlow.Events.Domain", "EventFlow.Events\EventFlow.Events.Domain\EventFlow.Events.Domain.csproj", "{9B2CE27F-94D3-417D-9197-B4E5A6B5CCAA}"
EndProject
Project("{FAE04EC0-301F-11D3-BF4B-00C04F79EFBC}") = "EventFlow.Events.Application", "EventFlow.Events\EventFlow.Events.Application\EventFlow.Events.Application.csproj", "{96E56FA3-D127-4967-A3D3-D47AC02A2E15}"
EndProject
Project("{FAE04EC0-301F-11D3-BF4B-00C04F79EFBC}") = "EventFlow.Events.Infrastructure", "EventFlow.Events\EventFlow.Events.Infrastructure\EventFlow.Events.Infrastructure.csproj", "{5A19C397-12F6-48D1-A19B-4476FC1E72A9}"
EndProject
Project("{FAE04EC0-301F-11D3-BF4B-00C04F79EFBC}") = "EventFlow.Events.Presentation", "EventFlow.Events\EventFlow.Events.Presentation\EventFlow.Events.Presentation.csproj", "{2C0ED801-1FE9-4B74-A7C2-9CA21BC8A46D}"
EndProject
Project("{FAE04EC0-301F-11D3-BF4B-00C04F79EFBC}") = "EventFlow.Settings", "EventFlow.Shared\EventFlow.Settings\EventFlow.Settings.csproj", "{80FB77CC-88BE-409E-AFF3-66AA220A7820}"
EndProject
Project("{2150E333-8FDC-42A3-9474-1A3956D46DE8}") = "EventFlow.Shared", "EventFlow.Shared", "{643E8690-E2D6-4ADD-BDF4-F2DCBEC0226D}"
EndProject
Project("{FAE04EC0-301F-11D3-BF4B-00C04F79EFBC}") = "EventFlow.Entities", "EventFlow.Shared\EventFlow.Entities\EventFlow.Entities.csproj", "{569EDC53-D15B-4838-8E74-8109E865FB24}"
EndProject
Project("{2150E333-8FDC-42A3-9474-1A3956D46DE8}") = "Tests", "Tests", "{7D579D98-D0A3-4DB3-5F7A-C4C5887C1D52}"
EndProject
Project("{FAE04EC0-301F-11D3-BF4B-00C04F79EFBC}") = "EventFlow.Events.UnitTests", "EventFlow.Events\Tests\EventFlow.Events.UnitTests\EventFlow.Events.UnitTests.csproj", "{1F22C10A-5FE3-4AAC-B4B4-2A494D3A1D4C}"
EndProject
Global
	GlobalSection(SolutionConfigurationPlatforms) = preSolution
		Debug|Any CPU = Debug|Any CPU
		Debug|x64 = Debug|x64
		Debug|x86 = Debug|x86
		Release|Any CPU = Release|Any CPU
		Release|x64 = Release|x64
		Release|x86 = Release|x86
	EndGlobalSection
	GlobalSection(ProjectConfigurationPlatforms) = postSolution
		{99AD67A5-C710-4F76-8623-36CFFB3C5EB2}.Debug|Any CPU.ActiveCfg = Debug|Any CPU
		{99AD67A5-C710-4F76-8623-36CFFB3C5EB2}.Debug|Any CPU.Build.0 = Debug|Any CPU
		{99AD67A5-C710-4F76-8623-36CFFB3C5EB2}.Debug|x64.ActiveCfg = Debug|Any CPU
		{99AD67A5-C710-4F76-8623-36CFFB3C5EB2}.Debug|x64.Build.0 = Debug|Any CPU
		{99AD67A5-C710-4F76-8623-36CFFB3C5EB2}.Debug|x86.ActiveCfg = Debug|Any CPU
		{99AD67A5-C710-4F76-8623-36CFFB3C5EB2}.Debug|x86.Build.0 = Debug|Any CPU
		{99AD67A5-C710-4F76-8623-36CFFB3C5EB2}.Release|Any CPU.ActiveCfg = Release|Any CPU
		{99AD67A5-C710-4F76-8623-36CFFB3C5EB2}.Release|Any CPU.Build.0 = Release|Any CPU
		{99AD67A5-C710-4F76-8623-36CFFB3C5EB2}.Release|x64.ActiveCfg = Release|Any CPU
		{99AD67A5-C710-4F76-8623-36CFFB3C5EB2}.Release|x64.Build.0 = Release|Any CPU
		{99AD67A5-C710-4F76-8623-36CFFB3C5EB2}.Release|x86.ActiveCfg = Release|Any CPU
		{99AD67A5-C710-4F76-8623-36CFFB3C5EB2}.Release|x86.Build.0 = Release|Any CPU
		{AD5527B6-637F-4F33-BCAD-166EFA63F815}.Debug|Any CPU.ActiveCfg = Debug|Any CPU
		{AD5527B6-637F-4F33-BCAD-166EFA63F815}.Debug|Any CPU.Build.0 = Debug|Any CPU
		{AD5527B6-637F-4F33-BCAD-166EFA63F815}.Debug|x64.ActiveCfg = Debug|Any CPU
		{AD5527B6-637F-4F33-BCAD-166EFA63F815}.Debug|x64.Build.0 = Debug|Any CPU
		{AD5527B6-637F-4F33-BCAD-166EFA63F815}.Debug|x86.ActiveCfg = Debug|Any CPU
		{AD5527B6-637F-4F33-BCAD-166EFA63F815}.Debug|x86.Build.0 = Debug|Any CPU
		{AD5527B6-637F-4F33-BCAD-166EFA63F815}.Release|Any CPU.ActiveCfg = Release|Any CPU
		{AD5527B6-637F-4F33-BCAD-166EFA63F815}.Release|Any CPU.Build.0 = Release|Any CPU
		{AD5527B6-637F-4F33-BCAD-166EFA63F815}.Release|x64.ActiveCfg = Release|Any CPU
		{AD5527B6-637F-4F33-BCAD-166EFA63F815}.Release|x64.Build.0 = Release|Any CPU
		{AD5527B6-637F-4F33-BCAD-166EFA63F815}.Release|x86.ActiveCfg = Release|Any CPU
		{AD5527B6-637F-4F33-BCAD-166EFA63F815}.Release|x86.Build.0 = Release|Any CPU
		{77D2680C-916B-4175-919F-195658B39A18}.Debug|Any CPU.ActiveCfg = Debug|Any CPU
		{77D2680C-916B-4175-919F-195658B39A18}.Debug|Any CPU.Build.0 = Debug|Any CPU
		{77D2680C-916B-4175-919F-195658B39A18}.Debug|x64.ActiveCfg = Debug|Any CPU
		{77D2680C-916B-4175-919F-195658B39A18}.Debug|x64.Build.0 = Debug|Any CPU
		{77D2680C-916B-4175-919F-195658B39A18}.Debug|x86.ActiveCfg = Debug|Any CPU
		{77D2680C-916B-4175-919F-195658B39A18}.Debug|x86.Build.0 = Debug|Any CPU
		{77D2680C-916B-4175-919F-195658B39A18}.Release|Any CPU.ActiveCfg = Release|Any CPU
		{77D2680C-916B-4175-919F-195658B39A18}.Release|Any CPU.Build.0 = Release|Any CPU
		{77D2680C-916B-4175-919F-195658B39A18}.Release|x64.ActiveCfg = Release|Any CPU
		{77D2680C-916B-4175-919F-195658B39A18}.Release|x64.Build.0 = Release|Any CPU
		{77D2680C-916B-4175-919F-195658B39A18}.Release|x86.ActiveCfg = Release|Any CPU
		{77D2680C-916B-4175-919F-195658B39A18}.Release|x86.Build.0 = Release|Any CPU
		{14F1C426-F9CE-49C5-BF44-772CFD011265}.Debug|Any CPU.ActiveCfg = Debug|Any CPU
		{14F1C426-F9CE-49C5-BF44-772CFD011265}.Debug|Any CPU.Build.0 = Debug|Any CPU
		{14F1C426-F9CE-49C5-BF44-772CFD011265}.Debug|x64.ActiveCfg = Debug|Any CPU
		{14F1C426-F9CE-49C5-BF44-772CFD011265}.Debug|x64.Build.0 = Debug|Any CPU
		{14F1C426-F9CE-49C5-BF44-772CFD011265}.Debug|x86.ActiveCfg = Debug|Any CPU
		{14F1C426-F9CE-49C5-BF44-772CFD011265}.Debug|x86.Build.0 = Debug|Any CPU
		{14F1C426-F9CE-49C5-BF44-772CFD011265}.Release|Any CPU.ActiveCfg = Release|Any CPU
		{14F1C426-F9CE-49C5-BF44-772CFD011265}.Release|Any CPU.Build.0 = Release|Any CPU
		{14F1C426-F9CE-49C5-BF44-772CFD011265}.Release|x64.ActiveCfg = Release|Any CPU
		{14F1C426-F9CE-49C5-BF44-772CFD011265}.Release|x64.Build.0 = Release|Any CPU
		{14F1C426-F9CE-49C5-BF44-772CFD011265}.Release|x86.ActiveCfg = Release|Any CPU
		{14F1C426-F9CE-49C5-BF44-772CFD011265}.Release|x86.Build.0 = Release|Any CPU
		{5A7168A9-398B-401D-BF82-3378E4DC1433}.Debug|Any CPU.ActiveCfg = Debug|Any CPU
		{5A7168A9-398B-401D-BF82-3378E4DC1433}.Debug|Any CPU.Build.0 = Debug|Any CPU
		{5A7168A9-398B-401D-BF82-3378E4DC1433}.Debug|x64.ActiveCfg = Debug|Any CPU
		{5A7168A9-398B-401D-BF82-3378E4DC1433}.Debug|x64.Build.0 = Debug|Any CPU
		{5A7168A9-398B-401D-BF82-3378E4DC1433}.Debug|x86.ActiveCfg = Debug|Any CPU
		{5A7168A9-398B-401D-BF82-3378E4DC1433}.Debug|x86.Build.0 = Debug|Any CPU
		{5A7168A9-398B-401D-BF82-3378E4DC1433}.Release|Any CPU.ActiveCfg = Release|Any CPU
		{5A7168A9-398B-401D-BF82-3378E4DC1433}.Release|Any CPU.Build.0 = Release|Any CPU
		{5A7168A9-398B-401D-BF82-3378E4DC1433}.Release|x64.ActiveCfg = Release|Any CPU
		{5A7168A9-398B-401D-BF82-3378E4DC1433}.Release|x64.Build.0 = Release|Any CPU
		{5A7168A9-398B-401D-BF82-3378E4DC1433}.Release|x86.ActiveCfg = Release|Any CPU
		{5A7168A9-398B-401D-BF82-3378E4DC1433}.Release|x86.Build.0 = Release|Any CPU
		{5302823C-254C-4D74-94AF-F5C373872C6D}.Debug|Any CPU.ActiveCfg = Debug|Any CPU
		{5302823C-254C-4D74-94AF-F5C373872C6D}.Debug|Any CPU.Build.0 = Debug|Any CPU
		{5302823C-254C-4D74-94AF-F5C373872C6D}.Debug|x64.ActiveCfg = Debug|Any CPU
		{5302823C-254C-4D74-94AF-F5C373872C6D}.Debug|x64.Build.0 = Debug|Any CPU
		{5302823C-254C-4D74-94AF-F5C373872C6D}.Debug|x86.ActiveCfg = Debug|Any CPU
		{5302823C-254C-4D74-94AF-F5C373872C6D}.Debug|x86.Build.0 = Debug|Any CPU
		{5302823C-254C-4D74-94AF-F5C373872C6D}.Release|Any CPU.ActiveCfg = Release|Any CPU
		{5302823C-254C-4D74-94AF-F5C373872C6D}.Release|Any CPU.Build.0 = Release|Any CPU
		{5302823C-254C-4D74-94AF-F5C373872C6D}.Release|x64.ActiveCfg = Release|Any CPU
		{5302823C-254C-4D74-94AF-F5C373872C6D}.Release|x64.Build.0 = Release|Any CPU
		{5302823C-254C-4D74-94AF-F5C373872C6D}.Release|x86.ActiveCfg = Release|Any CPU
		{5302823C-254C-4D74-94AF-F5C373872C6D}.Release|x86.Build.0 = Release|Any CPU
		{7D479A4B-D557-4730-9D0B-E6D99B2ED6CB}.Debug|Any CPU.ActiveCfg = Debug|Any CPU
		{7D479A4B-D557-4730-9D0B-E6D99B2ED6CB}.Debug|Any CPU.Build.0 = Debug|Any CPU
		{7D479A4B-D557-4730-9D0B-E6D99B2ED6CB}.Debug|x64.ActiveCfg = Debug|Any CPU
		{7D479A4B-D557-4730-9D0B-E6D99B2ED6CB}.Debug|x64.Build.0 = Debug|Any CPU
		{7D479A4B-D557-4730-9D0B-E6D99B2ED6CB}.Debug|x86.ActiveCfg = Debug|Any CPU
		{7D479A4B-D557-4730-9D0B-E6D99B2ED6CB}.Debug|x86.Build.0 = Debug|Any CPU
		{7D479A4B-D557-4730-9D0B-E6D99B2ED6CB}.Release|Any CPU.ActiveCfg = Release|Any CPU
		{7D479A4B-D557-4730-9D0B-E6D99B2ED6CB}.Release|Any CPU.Build.0 = Release|Any CPU
		{7D479A4B-D557-4730-9D0B-E6D99B2ED6CB}.Release|x64.ActiveCfg = Release|Any CPU
		{7D479A4B-D557-4730-9D0B-E6D99B2ED6CB}.Release|x64.Build.0 = Release|Any CPU
		{7D479A4B-D557-4730-9D0B-E6D99B2ED6CB}.Release|x86.ActiveCfg = Release|Any CPU
		{7D479A4B-D557-4730-9D0B-E6D99B2ED6CB}.Release|x86.Build.0 = Release|Any CPU
		{4F6FE57A-D6AE-48B5-A9F8-442306315660}.Debug|Any CPU.ActiveCfg = Debug|Any CPU
		{4F6FE57A-D6AE-48B5-A9F8-442306315660}.Debug|Any CPU.Build.0 = Debug|Any CPU
		{4F6FE57A-D6AE-48B5-A9F8-442306315660}.Debug|x64.ActiveCfg = Debug|Any CPU
		{4F6FE57A-D6AE-48B5-A9F8-442306315660}.Debug|x64.Build.0 = Debug|Any CPU
		{4F6FE57A-D6AE-48B5-A9F8-442306315660}.Debug|x86.ActiveCfg = Debug|Any CPU
		{4F6FE57A-D6AE-48B5-A9F8-442306315660}.Debug|x86.Build.0 = Debug|Any CPU
		{4F6FE57A-D6AE-48B5-A9F8-442306315660}.Release|Any CPU.ActiveCfg = Release|Any CPU
		{4F6FE57A-D6AE-48B5-A9F8-442306315660}.Release|Any CPU.Build.0 = Release|Any CPU
		{4F6FE57A-D6AE-48B5-A9F8-442306315660}.Release|x64.ActiveCfg = Release|Any CPU
		{4F6FE57A-D6AE-48B5-A9F8-442306315660}.Release|x64.Build.0 = Release|Any CPU
		{4F6FE57A-D6AE-48B5-A9F8-442306315660}.Release|x86.ActiveCfg = Release|Any CPU
		{4F6FE57A-D6AE-48B5-A9F8-442306315660}.Release|x86.Build.0 = Release|Any CPU
		{9B2CE27F-94D3-417D-9197-B4E5A6B5CCAA}.Debug|Any CPU.ActiveCfg = Debug|Any CPU
		{9B2CE27F-94D3-417D-9197-B4E5A6B5CCAA}.Debug|Any CPU.Build.0 = Debug|Any CPU
		{9B2CE27F-94D3-417D-9197-B4E5A6B5CCAA}.Debug|x64.ActiveCfg = Debug|Any CPU
		{9B2CE27F-94D3-417D-9197-B4E5A6B5CCAA}.Debug|x64.Build.0 = Debug|Any CPU
		{9B2CE27F-94D3-417D-9197-B4E5A6B5CCAA}.Debug|x86.ActiveCfg = Debug|Any CPU
		{9B2CE27F-94D3-417D-9197-B4E5A6B5CCAA}.Debug|x86.Build.0 = Debug|Any CPU
		{9B2CE27F-94D3-417D-9197-B4E5A6B5CCAA}.Release|Any CPU.ActiveCfg = Release|Any CPU
		{9B2CE27F-94D3-417D-9197-B4E5A6B5CCAA}.Release|Any CPU.Build.0 = Release|Any CPU
		{9B2CE27F-94D3-417D-9197-B4E5A6B5CCAA}.Release|x64.ActiveCfg = Release|Any CPU
		{9B2CE27F-94D3-417D-9197-B4E5A6B5CCAA}.Release|x64.Build.0 = Release|Any CPU
		{9B2CE27F-94D3-417D-9197-B4E5A6B5CCAA}.Release|x86.ActiveCfg = Release|Any CPU
		{9B2CE27F-94D3-417D-9197-B4E5A6B5CCAA}.Release|x86.Build.0 = Release|Any CPU
		{96E56FA3-D127-4967-A3D3-D47AC02A2E15}.Debug|Any CPU.ActiveCfg = Debug|Any CPU
		{96E56FA3-D127-4967-A3D3-D47AC02A2E15}.Debug|Any CPU.Build.0 = Debug|Any CPU
		{96E56FA3-D127-4967-A3D3-D47AC02A2E15}.Debug|x64.ActiveCfg = Debug|Any CPU
		{96E56FA3-D127-4967-A3D3-D47AC02A2E15}.Debug|x64.Build.0 = Debug|Any CPU
		{96E56FA3-D127-4967-A3D3-D47AC02A2E15}.Debug|x86.ActiveCfg = Debug|Any CPU
		{96E56FA3-D127-4967-A3D3-D47AC02A2E15}.Debug|x86.Build.0 = Debug|Any CPU
		{96E56FA3-D127-4967-A3D3-D47AC02A2E15}.Release|Any CPU.ActiveCfg = Release|Any CPU
		{96E56FA3-D127-4967-A3D3-D47AC02A2E15}.Release|Any CPU.Build.0 = Release|Any CPU
		{96E56FA3-D127-4967-A3D3-D47AC02A2E15}.Release|x64.ActiveCfg = Release|Any CPU
		{96E56FA3-D127-4967-A3D3-D47AC02A2E15}.Release|x64.Build.0 = Release|Any CPU
		{96E56FA3-D127-4967-A3D3-D47AC02A2E15}.Release|x86.ActiveCfg = Release|Any CPU
		{96E56FA3-D127-4967-A3D3-D47AC02A2E15}.Release|x86.Build.0 = Release|Any CPU
		{5A19C397-12F6-48D1-A19B-4476FC1E72A9}.Debug|Any CPU.ActiveCfg = Debug|Any CPU
		{5A19C397-12F6-48D1-A19B-4476FC1E72A9}.Debug|Any CPU.Build.0 = Debug|Any CPU
		{5A19C397-12F6-48D1-A19B-4476FC1E72A9}.Debug|x64.ActiveCfg = Debug|Any CPU
		{5A19C397-12F6-48D1-A19B-4476FC1E72A9}.Debug|x64.Build.0 = Debug|Any CPU
		{5A19C397-12F6-48D1-A19B-4476FC1E72A9}.Debug|x86.ActiveCfg = Debug|Any CPU
		{5A19C397-12F6-48D1-A19B-4476FC1E72A9}.Debug|x86.Build.0 = Debug|Any CPU
		{5A19C397-12F6-48D1-A19B-4476FC1E72A9}.Release|Any CPU.ActiveCfg = Release|Any CPU
		{5A19C397-12F6-48D1-A19B-4476FC1E72A9}.Release|Any CPU.Build.0 = Release|Any CPU
		{5A19C397-12F6-48D1-A19B-4476FC1E72A9}.Release|x64.ActiveCfg = Release|Any CPU
		{5A19C397-12F6-48D1-A19B-4476FC1E72A9}.Release|x64.Build.0 = Release|Any CPU
		{5A19C397-12F6-48D1-A19B-4476FC1E72A9}.Release|x86.ActiveCfg = Release|Any CPU
		{5A19C397-12F6-48D1-A19B-4476FC1E72A9}.Release|x86.Build.0 = Release|Any CPU
		{2C0ED801-1FE9-4B74-A7C2-9CA21BC8A46D}.Debug|Any CPU.ActiveCfg = Debug|Any CPU
		{2C0ED801-1FE9-4B74-A7C2-9CA21BC8A46D}.Debug|Any CPU.Build.0 = Debug|Any CPU
		{2C0ED801-1FE9-4B74-A7C2-9CA21BC8A46D}.Debug|x64.ActiveCfg = Debug|Any CPU
		{2C0ED801-1FE9-4B74-A7C2-9CA21BC8A46D}.Debug|x64.Build.0 = Debug|Any CPU
		{2C0ED801-1FE9-4B74-A7C2-9CA21BC8A46D}.Debug|x86.ActiveCfg = Debug|Any CPU
		{2C0ED801-1FE9-4B74-A7C2-9CA21BC8A46D}.Debug|x86.Build.0 = Debug|Any CPU
		{2C0ED801-1FE9-4B74-A7C2-9CA21BC8A46D}.Release|Any CPU.ActiveCfg = Release|Any CPU
		{2C0ED801-1FE9-4B74-A7C2-9CA21BC8A46D}.Release|Any CPU.Build.0 = Release|Any CPU
		{2C0ED801-1FE9-4B74-A7C2-9CA21BC8A46D}.Release|x64.ActiveCfg = Release|Any CPU
		{2C0ED801-1FE9-4B74-A7C2-9CA21BC8A46D}.Release|x64.Build.0 = Release|Any CPU
		{2C0ED801-1FE9-4B74-A7C2-9CA21BC8A46D}.Release|x86.ActiveCfg = Release|Any CPU
		{2C0ED801-1FE9-4B74-A7C2-9CA21BC8A46D}.Release|x86.Build.0 = Release|Any CPU
		{80FB77CC-88BE-409E-AFF3-66AA220A7820}.Debug|Any CPU.ActiveCfg = Debug|Any CPU
		{80FB77CC-88BE-409E-AFF3-66AA220A7820}.Debug|Any CPU.Build.0 = Debug|Any CPU
		{80FB77CC-88BE-409E-AFF3-66AA220A7820}.Debug|x64.ActiveCfg = Debug|Any CPU
		{80FB77CC-88BE-409E-AFF3-66AA220A7820}.Debug|x64.Build.0 = Debug|Any CPU
		{80FB77CC-88BE-409E-AFF3-66AA220A7820}.Debug|x86.ActiveCfg = Debug|Any CPU
		{80FB77CC-88BE-409E-AFF3-66AA220A7820}.Debug|x86.Build.0 = Debug|Any CPU
		{80FB77CC-88BE-409E-AFF3-66AA220A7820}.Release|Any CPU.ActiveCfg = Release|Any CPU
		{80FB77CC-88BE-409E-AFF3-66AA220A7820}.Release|Any CPU.Build.0 = Release|Any CPU
		{80FB77CC-88BE-409E-AFF3-66AA220A7820}.Release|x64.ActiveCfg = Release|Any CPU
		{80FB77CC-88BE-409E-AFF3-66AA220A7820}.Release|x64.Build.0 = Release|Any CPU
		{80FB77CC-88BE-409E-AFF3-66AA220A7820}.Release|x86.ActiveCfg = Release|Any CPU
		{80FB77CC-88BE-409E-AFF3-66AA220A7820}.Release|x86.Build.0 = Release|Any CPU
		{569EDC53-D15B-4838-8E74-8109E865FB24}.Debug|Any CPU.ActiveCfg = Debug|Any CPU
		{569EDC53-D15B-4838-8E74-8109E865FB24}.Debug|Any CPU.Build.0 = Debug|Any CPU
		{569EDC53-D15B-4838-8E74-8109E865FB24}.Debug|x64.ActiveCfg = Debug|Any CPU
		{569EDC53-D15B-4838-8E74-8109E865FB24}.Debug|x64.Build.0 = Debug|Any CPU
		{569EDC53-D15B-4838-8E74-8109E865FB24}.Debug|x86.ActiveCfg = Debug|Any CPU
		{569EDC53-D15B-4838-8E74-8109E865FB24}.Debug|x86.Build.0 = Debug|Any CPU
		{569EDC53-D15B-4838-8E74-8109E865FB24}.Release|Any CPU.ActiveCfg = Release|Any CPU
		{569EDC53-D15B-4838-8E74-8109E865FB24}.Release|Any CPU.Build.0 = Release|Any CPU
		{569EDC53-D15B-4838-8E74-8109E865FB24}.Release|x64.ActiveCfg = Release|Any CPU
		{569EDC53-D15B-4838-8E74-8109E865FB24}.Release|x64.Build.0 = Release|Any CPU
		{569EDC53-D15B-4838-8E74-8109E865FB24}.Release|x86.ActiveCfg = Release|Any CPU
		{569EDC53-D15B-4838-8E74-8109E865FB24}.Release|x86.Build.0 = Release|Any CPU
		{1F22C10A-5FE3-4AAC-B4B4-2A494D3A1D4C}.Debug|Any CPU.ActiveCfg = Debug|Any CPU
		{1F22C10A-5FE3-4AAC-B4B4-2A494D3A1D4C}.Debug|Any CPU.Build.0 = Debug|Any CPU
		{1F22C10A-5FE3-4AAC-B4B4-2A494D3A1D4C}.Debug|x64.ActiveCfg = Debug|Any CPU
		{1F22C10A-5FE3-4AAC-B4B4-2A494D3A1D4C}.Debug|x64.Build.0 = Debug|Any CPU
		{1F22C10A-5FE3-4AAC-B4B4-2A494D3A1D4C}.Debug|x86.ActiveCfg = Debug|Any CPU
		{1F22C10A-5FE3-4AAC-B4B4-2A494D3A1D4C}.Debug|x86.Build.0 = Debug|Any CPU
		{1F22C10A-5FE3-4AAC-B4B4-2A494D3A1D4C}.Release|Any CPU.ActiveCfg = Release|Any CPU
		{1F22C10A-5FE3-4AAC-B4B4-2A494D3A1D4C}.Release|Any CPU.Build.0 = Release|Any CPU
		{1F22C10A-5FE3-4AAC-B4B4-2A494D3A1D4C}.Release|x64.ActiveCfg = Release|Any CPU
		{1F22C10A-5FE3-4AAC-B4B4-2A494D3A1D4C}.Release|x64.Build.0 = Release|Any CPU
		{1F22C10A-5FE3-4AAC-B4B4-2A494D3A1D4C}.Release|x86.ActiveCfg = Release|Any CPU
		{1F22C10A-5FE3-4AAC-B4B4-2A494D3A1D4C}.Release|x86.Build.0 = Release|Any CPU
	EndGlobalSection
	GlobalSection(SolutionProperties) = preSolution
		HideSolutionNode = FALSE
	EndGlobalSection
	GlobalSection(NestedProjects) = preSolution
		{99AD67A5-C710-4F76-8623-36CFFB3C5EB2} = {5411A4E2-8893-C753-3A3B-977C3E57C2BC}
		{AD5527B6-637F-4F33-BCAD-166EFA63F815} = {5411A4E2-8893-C753-3A3B-977C3E57C2BC}
		{77D2680C-916B-4175-919F-195658B39A18} = {5411A4E2-8893-C753-3A3B-977C3E57C2BC}
		{14F1C426-F9CE-49C5-BF44-772CFD011265} = {5411A4E2-8893-C753-3A3B-977C3E57C2BC}
		{5A7168A9-398B-401D-BF82-3378E4DC1433} = {2F732719-39A6-C181-39BF-FBAAFA7462FA}
		{5302823C-254C-4D74-94AF-F5C373872C6D} = {2F732719-39A6-C181-39BF-FBAAFA7462FA}
		{7D479A4B-D557-4730-9D0B-E6D99B2ED6CB} = {2F732719-39A6-C181-39BF-FBAAFA7462FA}
		{4F6FE57A-D6AE-48B5-A9F8-442306315660} = {2F732719-39A6-C181-39BF-FBAAFA7462FA}
		{9B2CE27F-94D3-417D-9197-B4E5A6B5CCAA} = {4FA7360D-FA26-3262-C90F-0AFC98ACA509}
		{96E56FA3-D127-4967-A3D3-D47AC02A2E15} = {4FA7360D-FA26-3262-C90F-0AFC98ACA509}
		{5A19C397-12F6-48D1-A19B-4476FC1E72A9} = {4FA7360D-FA26-3262-C90F-0AFC98ACA509}
		{2C0ED801-1FE9-4B74-A7C2-9CA21BC8A46D} = {4FA7360D-FA26-3262-C90F-0AFC98ACA509}
		{80FB77CC-88BE-409E-AFF3-66AA220A7820} = {643E8690-E2D6-4ADD-BDF4-F2DCBEC0226D}
		{569EDC53-D15B-4838-8E74-8109E865FB24} = {643E8690-E2D6-4ADD-BDF4-F2DCBEC0226D}
		{7D579D98-D0A3-4DB3-5F7A-C4C5887C1D52} = {4FA7360D-FA26-3262-C90F-0AFC98ACA509}
		{1F22C10A-5FE3-4AAC-B4B4-2A494D3A1D4C} = {7D579D98-D0A3-4DB3-5F7A-C4C5887C1D52}
	EndGlobalSection
	GlobalSection(ExtensibilityGlobals) = postSolution
		SolutionGuid = {E12056B4-91D4-4F28-A4EC-7A10BAB7E215}
	EndGlobalSection
EndGlobal
